
Microsoft Visual Studio Solution File, Format Version 12.00
# Visual Studio Version 17
VisualStudioVersion = 17.2.32616.157
MinimumVisualStudioVersion = 10.0.40219.1
Project("{FAE04EC0-301F-11D3-BF4B-00C04F79EFBC}") = "JupiterTest", "JupiterTest\JupiterTest.csproj", "{822CF4EF-8CF4-4A5E-91C0-F64CC0BFC20F}"
EndProject
Global
	GlobalSection(SolutionConfigurationPlatforms) = preSolution
		Debug|Any CPU = Debug|Any CPU
		Release|Any CPU = Release|Any CPU
	EndGlobalSection
	GlobalSection(ProjectConfigurationPlatforms) = postSolution
		{822CF4EF-8CF4-4A5E-91C0-F64CC0BFC20F}.Debug|Any CPU.ActiveCfg = Debug|Any CPU
		{822CF4EF-8CF4-4A5E-91C0-F64CC0BFC20F}.Debug|Any CPU.Build.0 = Debug|Any CPU
		{822CF4EF-8CF4-4A5E-91C0-F64CC0BFC20F}.Release|Any CPU.ActiveCfg = Release|Any CPU
		{822CF4EF-8CF4-4A5E-91C0-F64CC0BFC20F}.Release|Any CPU.Build.0 = Release|Any CPU
	EndGlobalSection
	GlobalSection(SolutionProperties) = preSolution
		HideSolutionNode = FALSE
	EndGlobalSection
	GlobalSection(ExtensibilityGlobals) = postSolution
		SolutionGuid = {8B927ADE-05A4-4621-A31F-3A983B0A6773}
	EndGlobalSection
EndGlobal
